
Microsoft Visual Studio Solution File, Format Version 12.00
# Visual Studio Version 17
VisualStudioVersion = 17.0.32802.463
MinimumVisualStudioVersion = 10.0.40219.1
Project("{2150E333-8FDC-42A3-9474-1A3956D46DE8}") = "build", "build", "{D9F8E700-2E51-4D93-A835-75136AA704F5}"
	ProjectSection(SolutionItems) = preProject
		.semver = .semver
		DEPLOYMENT.md = DEPLOYMENT.md
		MONITORING.md = MONITORING.md
		README.md = README.md
		RUNBOOK.md = RUNBOOK.md
	EndProjectSection
EndProject
Project("{2150E333-8FDC-42A3-9474-1A3956D46DE8}") = "src", "src", "{6C49FBD1-C29D-4582-A2AE-C43E0ECF9915}"
EndProject
Project("{2150E333-8FDC-42A3-9474-1A3956D46DE8}") = "test", "test", "{F655C1AB-0608-4ABB-9AC6-F0897CF1F9B7}"
EndProject
Project("{9A19103F-16F7-4668-BE54-9A1E7A4F7556}") = "Host", "src\Host\Host.csproj", "{3E67F7DA-F6E2-48B9-95D4-C213B74004C1}"
EndProject
Project("{2150E333-8FDC-42A3-9474-1A3956D46DE8}") = "unit", "unit", "{516B46D2-8D80-48C1-90ED-5A6A265B69F5}"
EndProject
Project("{2150E333-8FDC-42A3-9474-1A3956D46DE8}") = "acceptance", "acceptance", "{6C8448D0-1009-49BB-A8DC-6A75B7307DCD}"
EndProject
Project("{9A19103F-16F7-4668-BE54-9A1E7A4F7556}") = "Host.Tests.EndToEnd.Acceptance", "test\acceptance\Host.Tests.EndToEnd.Acceptance\Host.Tests.EndToEnd.Acceptance.csproj", "{B9E10284-8590-453D-A4D5-5652079FC3F1}"
EndProject
Project("{9A19103F-16F7-4668-BE54-9A1E7A4F7556}") = "Host.Tests.InMemory.Acceptance", "test\acceptance\Host.Tests.InMemory.Acceptance\Host.Tests.InMemory.Acceptance.csproj", "{103C0A38-FB6E-4647-B0C4-0DCEA273994D}"
EndProject
Project("{9A19103F-16F7-4668-BE54-9A1E7A4F7556}") = "Acceptance.Helpers", "test\acceptance\Acceptance.Helpers\Acceptance.Helpers.csproj", "{A0814865-2BF5-4C59-A2BD-FC28B514B051}"
EndProject
Project("{9A19103F-16F7-4668-BE54-9A1E7A4F7556}") = "Application.Core", "src\Application.Core\Application.Core.csproj", "{F8EC9419-D41F-407C-A360-C5D420F51F84}"
EndProject
Project("{9A19103F-16F7-4668-BE54-9A1E7A4F7556}") = "Infrastructure", "src\Infrastructure\Infrastructure.csproj", "{2A5A1B58-0132-4D41-BDD3-855D945F3889}"
EndProject
Project("{9A19103F-16F7-4668-BE54-9A1E7A4F7556}") = "Application.Core.UnitTests", "test\unit\Application.Core.UnitTests\Application.Core.UnitTests.csproj", "{DE83DE7F-A091-4310-8628-BF8FEE4C4EC0}"
EndProject
Project("{9A19103F-16F7-4668-BE54-9A1E7A4F7556}") = "Host.Application.UnitTests", "test\unit\Host.Application.UnitTests\Host.Application.UnitTests.csproj", "{4A4332B2-F2A5-4C19-8AF6-0D7C8777A30F}"
EndProject
Project("{9A19103F-16F7-4668-BE54-9A1E7A4F7556}") = "Infrastructure.UnitTests", "test\unit\Infrastructure.UnitTests\Infrastructure.UnitTests.csproj", "{89CE72CD-E2BE-461B-BA62-2BE0DF1E79EA}"
EndProject
Project("{FAE04EC0-301F-11D3-BF4B-00C04F79EFBC}") = "Test.Common", "test\common\Test.Common\Test.Common.csproj", "{CAE296E8-CD06-46BC-9C9F-7DFFE71FBE99}"
EndProject
Project("{2150E333-8FDC-42A3-9474-1A3956D46DE8}") = "common", "common", "{AD2CBF9C-FCD0-45D0-9C33-BC666F8A8BF4}"
EndProject
Project("{FAE04EC0-301F-11D3-BF4B-00C04F79EFBC}") = "Host.Contracts", "src\Host.Contracts\Host.Contracts.csproj", "{CD9802E5-63E3-4731-89AD-7D76AF4A4C5E}"
EndProject
Project("{FAE04EC0-301F-11D3-BF4B-00C04F79EFBC}") = "Sdk", "src\Sdk\Sdk.csproj", "{2F7A408D-B080-4173-A4BE-8C6FEF21AB45}"
EndProject
Project("{FAE04EC0-301F-11D3-BF4B-00C04F79EFBC}") = "Sdk.Consumer", "src\Sdk.Consumer\Sdk.Consumer.csproj", "{20610A5E-0DA2-467B-9EFD-DB777D596BF5}"
EndProject
Project("{FAE04EC0-301F-11D3-BF4B-00C04F79EFBC}") = "Host.Contracts.Serialisation", "src\Host.Contracts.Serialisation\Host.Contracts.Serialisation.csproj", "{B43F1CC1-0E83-4652-B241-AA24D4FDA3AE}"
EndProject
Global
	GlobalSection(SolutionConfigurationPlatforms) = preSolution
		Debug|Any CPU = Debug|Any CPU
		Release|Any CPU = Release|Any CPU
	EndGlobalSection
	GlobalSection(ProjectConfigurationPlatforms) = postSolution
		{3E67F7DA-F6E2-48B9-95D4-C213B74004C1}.Debug|Any CPU.ActiveCfg = Debug|Any CPU
		{3E67F7DA-F6E2-48B9-95D4-C213B74004C1}.Debug|Any CPU.Build.0 = Debug|Any CPU
		{3E67F7DA-F6E2-48B9-95D4-C213B74004C1}.Release|Any CPU.ActiveCfg = Release|Any CPU
		{3E67F7DA-F6E2-48B9-95D4-C213B74004C1}.Release|Any CPU.Build.0 = Release|Any CPU
		{B9E10284-8590-453D-A4D5-5652079FC3F1}.Debug|Any CPU.ActiveCfg = Debug|Any CPU
		{B9E10284-8590-453D-A4D5-5652079FC3F1}.Debug|Any CPU.Build.0 = Debug|Any CPU
		{B9E10284-8590-453D-A4D5-5652079FC3F1}.Release|Any CPU.ActiveCfg = Release|Any CPU
		{B9E10284-8590-453D-A4D5-5652079FC3F1}.Release|Any CPU.Build.0 = Release|Any CPU
		{103C0A38-FB6E-4647-B0C4-0DCEA273994D}.Debug|Any CPU.ActiveCfg = Debug|Any CPU
		{103C0A38-FB6E-4647-B0C4-0DCEA273994D}.Debug|Any CPU.Build.0 = Debug|Any CPU
		{103C0A38-FB6E-4647-B0C4-0DCEA273994D}.Release|Any CPU.ActiveCfg = Release|Any CPU
		{103C0A38-FB6E-4647-B0C4-0DCEA273994D}.Release|Any CPU.Build.0 = Release|Any CPU
		{A0814865-2BF5-4C59-A2BD-FC28B514B051}.Debug|Any CPU.ActiveCfg = Debug|Any CPU
		{A0814865-2BF5-4C59-A2BD-FC28B514B051}.Debug|Any CPU.Build.0 = Debug|Any CPU
		{A0814865-2BF5-4C59-A2BD-FC28B514B051}.Release|Any CPU.ActiveCfg = Release|Any CPU
		{A0814865-2BF5-4C59-A2BD-FC28B514B051}.Release|Any CPU.Build.0 = Release|Any CPU
		{F8EC9419-D41F-407C-A360-C5D420F51F84}.Debug|Any CPU.ActiveCfg = Debug|Any CPU
		{F8EC9419-D41F-407C-A360-C5D420F51F84}.Debug|Any CPU.Build.0 = Debug|Any CPU
		{F8EC9419-D41F-407C-A360-C5D420F51F84}.Release|Any CPU.ActiveCfg = Release|Any CPU
		{F8EC9419-D41F-407C-A360-C5D420F51F84}.Release|Any CPU.Build.0 = Release|Any CPU
		{2A5A1B58-0132-4D41-BDD3-855D945F3889}.Debug|Any CPU.ActiveCfg = Debug|Any CPU
		{2A5A1B58-0132-4D41-BDD3-855D945F3889}.Debug|Any CPU.Build.0 = Debug|Any CPU
		{2A5A1B58-0132-4D41-BDD3-855D945F3889}.Release|Any CPU.ActiveCfg = Release|Any CPU
		{2A5A1B58-0132-4D41-BDD3-855D945F3889}.Release|Any CPU.Build.0 = Release|Any CPU
		{DE83DE7F-A091-4310-8628-BF8FEE4C4EC0}.Debug|Any CPU.ActiveCfg = Debug|Any CPU
		{DE83DE7F-A091-4310-8628-BF8FEE4C4EC0}.Debug|Any CPU.Build.0 = Debug|Any CPU
		{DE83DE7F-A091-4310-8628-BF8FEE4C4EC0}.Release|Any CPU.ActiveCfg = Release|Any CPU
		{DE83DE7F-A091-4310-8628-BF8FEE4C4EC0}.Release|Any CPU.Build.0 = Release|Any CPU
		{4A4332B2-F2A5-4C19-8AF6-0D7C8777A30F}.Debug|Any CPU.ActiveCfg = Debug|Any CPU
		{4A4332B2-F2A5-4C19-8AF6-0D7C8777A30F}.Debug|Any CPU.Build.0 = Debug|Any CPU
		{4A4332B2-F2A5-4C19-8AF6-0D7C8777A30F}.Release|Any CPU.ActiveCfg = Release|Any CPU
		{4A4332B2-F2A5-4C19-8AF6-0D7C8777A30F}.Release|Any CPU.Build.0 = Release|Any CPU
		{89CE72CD-E2BE-461B-BA62-2BE0DF1E79EA}.Debug|Any CPU.ActiveCfg = Debug|Any CPU
		{89CE72CD-E2BE-461B-BA62-2BE0DF1E79EA}.Debug|Any CPU.Build.0 = Debug|Any CPU
		{89CE72CD-E2BE-461B-BA62-2BE0DF1E79EA}.Release|Any CPU.ActiveCfg = Release|Any CPU
		{89CE72CD-E2BE-461B-BA62-2BE0DF1E79EA}.Release|Any CPU.Build.0 = Release|Any CPU
		{CAE296E8-CD06-46BC-9C9F-7DFFE71FBE99}.Debug|Any CPU.ActiveCfg = Debug|Any CPU
		{CAE296E8-CD06-46BC-9C9F-7DFFE71FBE99}.Debug|Any CPU.Build.0 = Debug|Any CPU
		{CAE296E8-CD06-46BC-9C9F-7DFFE71FBE99}.Release|Any CPU.ActiveCfg = Release|Any CPU
		{CAE296E8-CD06-46BC-9C9F-7DFFE71FBE99}.Release|Any CPU.Build.0 = Release|Any CPU
		{CD9802E5-63E3-4731-89AD-7D76AF4A4C5E}.Debug|Any CPU.ActiveCfg = Debug|Any CPU
		{CD9802E5-63E3-4731-89AD-7D76AF4A4C5E}.Debug|Any CPU.Build.0 = Debug|Any CPU
		{CD9802E5-63E3-4731-89AD-7D76AF4A4C5E}.Release|Any CPU.ActiveCfg = Release|Any CPU
		{CD9802E5-63E3-4731-89AD-7D76AF4A4C5E}.Release|Any CPU.Build.0 = Release|Any CPU
		{2F7A408D-B080-4173-A4BE-8C6FEF21AB45}.Debug|Any CPU.ActiveCfg = Debug|Any CPU
		{2F7A408D-B080-4173-A4BE-8C6FEF21AB45}.Debug|Any CPU.Build.0 = Debug|Any CPU
		{2F7A408D-B080-4173-A4BE-8C6FEF21AB45}.Release|Any CPU.ActiveCfg = Release|Any CPU
		{2F7A408D-B080-4173-A4BE-8C6FEF21AB45}.Release|Any CPU.Build.0 = Release|Any CPU
		{20610A5E-0DA2-467B-9EFD-DB777D596BF5}.Debug|Any CPU.ActiveCfg = Debug|Any CPU
		{20610A5E-0DA2-467B-9EFD-DB777D596BF5}.Debug|Any CPU.Build.0 = Debug|Any CPU
		{20610A5E-0DA2-467B-9EFD-DB777D596BF5}.Release|Any CPU.ActiveCfg = Release|Any CPU
		{20610A5E-0DA2-467B-9EFD-DB777D596BF5}.Release|Any CPU.Build.0 = Release|Any CPU
		{B43F1CC1-0E83-4652-B241-AA24D4FDA3AE}.Debug|Any CPU.ActiveCfg = Debug|Any CPU
		{B43F1CC1-0E83-4652-B241-AA24D4FDA3AE}.Debug|Any CPU.Build.0 = Debug|Any CPU
		{B43F1CC1-0E83-4652-B241-AA24D4FDA3AE}.Release|Any CPU.ActiveCfg = Release|Any CPU
		{B43F1CC1-0E83-4652-B241-AA24D4FDA3AE}.Release|Any CPU.Build.0 = Release|Any CPU
	EndGlobalSection
	GlobalSection(SolutionProperties) = preSolution
		HideSolutionNode = FALSE
	EndGlobalSection
	GlobalSection(NestedProjects) = preSolution
		{3E67F7DA-F6E2-48B9-95D4-C213B74004C1} = {6C49FBD1-C29D-4582-A2AE-C43E0ECF9915}
		{516B46D2-8D80-48C1-90ED-5A6A265B69F5} = {F655C1AB-0608-4ABB-9AC6-F0897CF1F9B7}
		{6C8448D0-1009-49BB-A8DC-6A75B7307DCD} = {F655C1AB-0608-4ABB-9AC6-F0897CF1F9B7}
		{B9E10284-8590-453D-A4D5-5652079FC3F1} = {6C8448D0-1009-49BB-A8DC-6A75B7307DCD}
		{103C0A38-FB6E-4647-B0C4-0DCEA273994D} = {6C8448D0-1009-49BB-A8DC-6A75B7307DCD}
		{A0814865-2BF5-4C59-A2BD-FC28B514B051} = {6C8448D0-1009-49BB-A8DC-6A75B7307DCD}
		{F8EC9419-D41F-407C-A360-C5D420F51F84} = {6C49FBD1-C29D-4582-A2AE-C43E0ECF9915}
		{2A5A1B58-0132-4D41-BDD3-855D945F3889} = {6C49FBD1-C29D-4582-A2AE-C43E0ECF9915}
		{DE83DE7F-A091-4310-8628-BF8FEE4C4EC0} = {516B46D2-8D80-48C1-90ED-5A6A265B69F5}
		{4A4332B2-F2A5-4C19-8AF6-0D7C8777A30F} = {516B46D2-8D80-48C1-90ED-5A6A265B69F5}
		{89CE72CD-E2BE-461B-BA62-2BE0DF1E79EA} = {516B46D2-8D80-48C1-90ED-5A6A265B69F5}
		{CAE296E8-CD06-46BC-9C9F-7DFFE71FBE99} = {AD2CBF9C-FCD0-45D0-9C33-BC666F8A8BF4}
		{AD2CBF9C-FCD0-45D0-9C33-BC666F8A8BF4} = {F655C1AB-0608-4ABB-9AC6-F0897CF1F9B7}
		{CD9802E5-63E3-4731-89AD-7D76AF4A4C5E} = {6C49FBD1-C29D-4582-A2AE-C43E0ECF9915}
		{2F7A408D-B080-4173-A4BE-8C6FEF21AB45} = {6C49FBD1-C29D-4582-A2AE-C43E0ECF9915}
		{20610A5E-0DA2-467B-9EFD-DB777D596BF5} = {6C49FBD1-C29D-4582-A2AE-C43E0ECF9915}
		{B43F1CC1-0E83-4652-B241-AA24D4FDA3AE} = {6C49FBD1-C29D-4582-A2AE-C43E0ECF9915}
	EndGlobalSection
	GlobalSection(ExtensibilityGlobals) = postSolution
		SolutionGuid = {0C5F6DED-AFDE-4A4E-8106-EF9E2FAE18E2}
	EndGlobalSection
EndGlobal
